
Microsoft Visual Studio Solution File, Format Version 12.00
# Visual Studio Version 16
VisualStudioVersion = 16.0.30621.155
MinimumVisualStudioVersion = 10.0.40219.1
Project("{888888A0-9F3D-457C-B088-3A5042F75D52}") = "ensemble_knn", "ensemble_knn.pyproj", "{67632D49-8B39-43E6-93D7-EAB537C47AA0}"
EndProject
Global
	GlobalSection(SolutionConfigurationPlatforms) = preSolution
		Debug|Any CPU = Debug|Any CPU
		Release|Any CPU = Release|Any CPU
	EndGlobalSection
	GlobalSection(ProjectConfigurationPlatforms) = postSolution
		{67632D49-8B39-43E6-93D7-EAB537C47AA0}.Debug|Any CPU.ActiveCfg = Debug|Any CPU
		{67632D49-8B39-43E6-93D7-EAB537C47AA0}.Release|Any CPU.ActiveCfg = Release|Any CPU
	EndGlobalSection
	GlobalSection(SolutionProperties) = preSolution
		HideSolutionNode = FALSE
	EndGlobalSection
	GlobalSection(ExtensibilityGlobals) = postSolution
		SolutionGuid = {29652A99-EA1B-48B9-9F50-BCD4E0B99B36}
	EndGlobalSection
EndGlobal
